dependencies:
- name: postgresql
  repository: oci://registry-1.docker.io/bitnamicharts
  version: 18.5.7
- name: rustfs
  repository: https://charts.rustfs.com
  version: 0.0.86
digest: sha256:0fdcdd9ca2d26b9f782d744c52699bdc9ab1632c783203d56b0235fddce4e671
generated: "2026-03-18T15:11:02.325202838+01:00"
